
Microsoft Visual Studio Solution File, Format Version 9.00
# Visual Studio 2005
Project("{FAE04EC0-301F-11D3-BF4B-00C04F79EFBC}") = "AlkaOpenCell", "WindowsApplication1\AlkaOpenCell.csproj", "{ADEB09F5-E92B-4A71-8235-5ED4E7A31DCE}"
EndProject
Global
	GlobalSection(SolutionConfigurationPlatforms) = preSolution
		Debug|Any CPU = Debug|Any CPU
		Release|Any CPU = Release|Any CPU
	EndGlobalSection
	GlobalSection(ProjectConfigurationPlatforms) = postSolution
		{ADEB09F5-E92B-4A71-8235-5ED4E7A31DCE}.Debug|Any CPU.ActiveCfg = Debug|Any CPU
		{ADEB09F5-E92B-4A71-8235-5ED4E7A31DCE}.Debug|Any CPU.Build.0 = Debug|Any CPU
		{ADEB09F5-E92B-4A71-8235-5ED4E7A31DCE}.Release|Any CPU.ActiveCfg = Release|Any CPU
		{ADEB09F5-E92B-4A71-8235-5ED4E7A31DCE}.Release|Any CPU.Build.0 = Release|Any CPU
	EndGlobalSection
	GlobalSection(SolutionProperties) = preSolution
		HideSolutionNode = FALSE
	EndGlobalSection
EndGlobal
